// !$*UTF8*$!
{
	archiveVersion = 1;
	classes = {
	};
	objectVersion = 56;
	objects = {

/* Begin PBXBuildFile section */
		CBD5A1FE2CCD02F500FAE0B7 /* CustomFont_SwiftUIApp.swift in Sources */ = {isa = PBXBuildFile; fileRef = CBD5A1FD2CCD02F500FAE0B7 /* CustomFont_SwiftUIApp.swift */; };
		CBD5A2002CCD02F500FAE0B7 /* ContentView.swift in Sources */ = {isa = PBXBuildFile; fileRef = CBD5A1FF2CCD02F500FAE0B7 /* ContentView.swift */; };
		CBD5A2022CCD02F600FAE0B7 /* Assets.xcassets in Resources */ = {isa = PBXBuildFile; fileRef = CBD5A2012CCD02F600FAE0B7 /* Assets.xcassets */; };
		CBD5A2052CCD02F600FAE0B7 /* Preview Assets.xcassets in Resources */ = {isa = PBXBuildFile; fileRef = CBD5A2042CCD02F600FAE0B7 /* Preview Assets.xcassets */; };
		CBD5A2452CCD325D00FAE0B7 /* QuoteTextView.swift in Sources */ = {isa = PBXBuildFile; fileRef = CBD5A2442CCD325D00FAE0B7 /* QuoteTextView.swift */; };
		CBD5A2472CCD333800FAE0B7 /* FontNameCardView.swift in Sources */ = {isa = PBXBuildFile; fileRef = CBD5A2462CCD333800FAE0B7 /* FontNameCardView.swift */; };
		CBD5A24A2CCD338800FAE0B7 /* Quote.swift in Sources */ = {isa = PBXBuildFile; fileRef = CBD5A2492CCD338800FAE0B7 /* Quote.swift */; };
		CBD5A24C2CCD33B500FAE0B7 /* QuoteProvider.swift in Sources */ = {isa = PBXBuildFile; fileRef = CBD5A24B2CCD33B500FAE0B7 /* QuoteProvider.swift */; };
		CBD5A24E2CCD340B00FAE0B7 /* ScrollableQuoteTabView.swift in Sources */ = {isa = PBXBuildFile; fileRef = CBD5A24D2CCD340B00FAE0B7 /* ScrollableQuoteTabView.swift */; };
		CBD5A2502CCD349A00FAE0B7 /* QuoteGradientView.swift in Sources */ = {isa = PBXBuildFile; fileRef = CBD5A24F2CCD349A00FAE0B7 /* QuoteGradientView.swift */; };
		CBD5A2522CCD355200FAE0B7 /* ChannelBrandingView.swift in Sources */ = {isa = PBXBuildFile; fileRef = CBD5A2512CCD355200FAE0B7 /* ChannelBrandingView.swift */; };
		CBD5A25A2CCD3EB300FAE0B7 /* Sprat-Bold.otf in Resources */ = {isa = PBXBuildFile; fileRef = CBD5A2552CCD3EB300FAE0B7 /* Sprat-Bold.otf */; };
		CBD5A25B2CCD3EB300FAE0B7 /* Array-Bold.otf in Resources */ = {isa = PBXBuildFile; fileRef = CBD5A2562CCD3EB300FAE0B7 /* Array-Bold.otf */; };
		CBD5A25C2CCD3EB300FAE0B7 /* Nippo-Variable.ttf in Resources */ = {isa = PBXBuildFile; fileRef = CBD5A2572CCD3EB300FAE0B7 /* Nippo-Variable.ttf */; };
		CBD5A25D2CCD3EB300FAE0B7 /* CabinSketch-Bold.ttf in Resources */ = {isa = PBXBuildFile; fileRef = CBD5A2582CCD3EB300FAE0B7 /* CabinSketch-Bold.ttf */; };
		CBD5A25E2CCD3EC000FAE0B7 /* Teko-VariableFont_wght.ttf in Resources */ = {isa = PBXBuildFile; fileRef = CBD5A2542CCD3EB300FAE0B7 /* Teko-VariableFont_wght.ttf */; };
/* End PBXBuildFile section */

/* Begin PBXFileReference section */
		CBD5A1FA2CCD02F500FAE0B7 /* CustomFont-SwiftUI.app */ = {isa = PBXFileReference; explicitFileType = wrapper.application; includeInIndex = 0; path = "CustomFont-SwiftUI.app"; sourceTree = BUILT_PRODUCTS_DIR; };
		CBD5A1FD2CCD02F500FAE0B7 /* CustomFont_SwiftUIApp.swift */ = {isa = PBXFileReference; lastKnownFileType = sourcecode.swift; path = CustomFont_SwiftUIApp.swift; sourceTree = "<group>"; };
		CBD5A1FF2CCD02F500FAE0B7 /* ContentView.swift */ = {isa = PBXFileReference; lastKnownFileType = sourcecode.swift; path = ContentView.swift; sourceTree = "<group>"; };
		CBD5A2012CCD02F600FAE0B7 /* Assets.xcassets */ = {isa = PBXFileReference; lastKnownFileType = folder.assetcatalog; path = Assets.xcassets; sourceTree = "<group>"; };
		CBD5A2042CCD02F600FAE0B7 /* Preview Assets.xcassets */ = {isa = PBXFileReference; lastKnownFileType = folder.assetcatalog; path = "Preview Assets.xcassets"; sourceTree = "<group>"; };
		CBD5A20E2CCD049700FAE0B7 /* Info.plist */ = {isa = PBXFileReference; lastKnownFileType = text.plist; path = Info.plist; sourceTree = "<group>"; };
		CBD5A2442CCD325D00FAE0B7 /* QuoteTextView.swift */ = {isa = PBXFileReference; lastKnownFileType = sourcecode.swift; path = QuoteTextView.swift; sourceTree = "<group>"; };
		CBD5A2462CCD333800FAE0B7 /* FontNameCardView.swift */ = {isa = PBXFileReference; lastKnownFileType = sourcecode.swift; path = FontNameCardView.swift; sourceTree = "<group>"; };
		CBD5A2492CCD338800FAE0B7 /* Quote.swift */ = {isa = PBXFileReference; lastKnownFileType = sourcecode.swift; path = Quote.swift; sourceTree = "<group>"; };
		CBD5A24B2CCD33B500FAE0B7 /* QuoteProvider.swift */ = {isa = PBXFileReference; lastKnownFileType = sourcecode.swift; path = QuoteProvider.swift; sourceTree = "<group>"; };
		CBD5A24D2CCD340B00FAE0B7 /* ScrollableQuoteTabView.swift */ = {isa = PBXFileReference; lastKnownFileType = sourcecode.swift; path = ScrollableQuoteTabView.swift; sourceTree = "<group>"; };
		CBD5A24F2CCD349A00FAE0B7 /* QuoteGradientView.swift */ = {isa = PBXFileReference; lastKnownFileType = sourcecode.swift; path = QuoteGradientView.swift; sourceTree = "<group>"; };
		CBD5A2512CCD355200FAE0B7 /* ChannelBrandingView.swift */ = {isa = PBXFileReference; lastKnownFileType = sourcecode.swift; path = ChannelBrandingView.swift; sourceTree = "<group>"; };
		CBD5A2542CCD3EB300FAE0B7 /* Teko-VariableFont_wght.ttf */ = {isa = PBXFileReference; lastKnownFileType = file; path = "Teko-VariableFont_wght.ttf"; sourceTree = "<group>"; };
		CBD5A2552CCD3EB300FAE0B7 /* Sprat-Bold.otf */ = {isa = PBXFileReference; lastKnownFileType = file; path = "Sprat-Bold.otf"; sourceTree = "<group>"; };
		CBD5A2562CCD3EB300FAE0B7 /* Array-Bold.otf */ = {isa = PBXFileReference; lastKnownFileType = file; path = "Array-Bold.otf"; sourceTree = "<group>"; };
		CBD5A2572CCD3EB300FAE0B7 /* Nippo-Variable.ttf */ = {isa = PBXFileReference; lastKnownFileType = file; path = "Nippo-Variable.ttf"; sourceTree = "<group>"; };
		CBD5A2582CCD3EB300FAE0B7 /* CabinSketch-Bold.ttf */ = {isa = PBXFileReference; lastKnownFileType = file; path = "CabinSketch-Bold.ttf"; sourceTree = "<group>"; };
/* End PBXFileReference section */

/* Begin PBXFrameworksBuildPhase section */
		CBD5A1F72CCD02F500FAE0B7 /* Frameworks */ = {
			isa = PBXFrameworksBuildPhase;
			buildActionMask = 2147483647;
			files = (
			);
			runOnlyForDeploymentPostprocessing = 0;
		};
/* End PBXFrameworksBuildPhase section */

/* Begin PBXGroup section */
		CBD5A1F12CCD02F500FAE0B7 = {
			isa = PBXGroup;
			children = (
				CBD5A1FC2CCD02F500FAE0B7 /* CustomFont-SwiftUI */,
				CBD5A1FB2CCD02F500FAE0B7 /* Products */,
			);
			sourceTree = "<group>";
		};
		CBD5A1FB2CCD02F500FAE0B7 /* Products */ = {
			isa = PBXGroup;
			children = (
				CBD5A1FA2CCD02F500FAE0B7 /* CustomFont-SwiftUI.app */,
			);
			name = Products;
			sourceTree = "<group>";
		};
		CBD5A1FC2CCD02F500FAE0B7 /* CustomFont-SwiftUI */ = {
			isa = PBXGroup;
			children = (
				CBD5A2532CCD3E9800FAE0B7 /* Fonts */,
				CBD5A2482CCD337A00FAE0B7 /* Models */,
				CBD5A2412CCD31B200FAE0B7 /* Views */,
				CBD5A20E2CCD049700FAE0B7 /* Info.plist */,
				CBD5A1FD2CCD02F500FAE0B7 /* CustomFont_SwiftUIApp.swift */,
				CBD5A1FF2CCD02F500FAE0B7 /* ContentView.swift */,
				CBD5A2012CCD02F600FAE0B7 /* Assets.xcassets */,
				CBD5A2032CCD02F600FAE0B7 /* Preview Content */,
			);
			path = "CustomFont-SwiftUI";
			sourceTree = "<group>";
		};
		CBD5A2032CCD02F600FAE0B7 /* Preview Content */ = {
			isa = PBXGroup;
			children = (
				CBD5A2042CCD02F600FAE0B7 /* Preview Assets.xcassets */,
			);
			path = "Preview Content";
			sourceTree = "<group>";
		};
		CBD5A2412CCD31B200FAE0B7 /* Views */ = {
			isa = PBXGroup;
			children = (
				CBD5A2512CCD355200FAE0B7 /* ChannelBrandingView.swift */,
				CBD5A2462CCD333800FAE0B7 /* FontNameCardView.swift */,
				CBD5A24F2CCD349A00FAE0B7 /* QuoteGradientView.swift */,
				CBD5A2442CCD325D00FAE0B7 /* QuoteTextView.swift */,
				CBD5A24D2CCD340B00FAE0B7 /* ScrollableQuoteTabView.swift */,
			);
			path = Views;
			sourceTree = "<group>";
		};
		CBD5A2482CCD337A00FAE0B7 /* Models */ = {
			isa = PBXGroup;
			children = (
				CBD5A2492CCD338800FAE0B7 /* Quote.swift */,
				CBD5A24B2CCD33B500FAE0B7 /* QuoteProvider.swift */,
			);
			path = Models;
			sourceTree = "<group>";
		};
		CBD5A2532CCD3E9800FAE0B7 /* Fonts */ = {
			isa = PBXGroup;
			children = (
				CBD5A2562CCD3EB300FAE0B7 /* Array-Bold.otf */,
				CBD5A2582CCD3EB300FAE0B7 /* CabinSketch-Bold.ttf */,
				CBD5A2572CCD3EB300FAE0B7 /* Nippo-Variable.ttf */,
				CBD5A2552CCD3EB300FAE0B7 /* Sprat-Bold.otf */,
				CBD5A2542CCD3EB300FAE0B7 /* Teko-VariableFont_wght.ttf */,
			);
			path = Fonts;
			sourceTree = "<group>";
		};
/* End PBXGroup section */

/* Begin PBXNativeTarget section */
		CBD5A1F92CCD02F500FAE0B7 /* CustomFont-SwiftUI */ = {
			isa = PBXNativeTarget;
			buildConfigurationList = CBD5A2082CCD02F600FAE0B7 /* Build configuration list for PBXNativeTarget "CustomFont-SwiftUI" */;
			buildPhases = (
				CBD5A1F62CCD02F500FAE0B7 /* Sources */,
				CBD5A1F72CCD02F500FAE0B7 /* Frameworks */,
				CBD5A1F82CCD02F500FAE0B7 /* Resources */,
			);
			buildRules = (
			);
			dependencies = (
			);
			name = "CustomFont-SwiftUI";
			productName = "CustomFont-SwiftUI";
			productReference = CBD5A1FA2CCD02F500FAE0B7 /* CustomFont-SwiftUI.app */;
			productType = "com.apple.product-type.application";
		};
/* End PBXNativeTarget section */

/* Begin PBXProject section */
		CBD5A1F22CCD02F500FAE0B7 /* Project object */ = {
			isa = PBXProject;
			attributes = {
				BuildIndependentTargetsInParallel = 1;
				LastSwiftUpdateCheck = 1530;
				LastUpgradeCheck = 1530;
				TargetAttributes = {
					CBD5A1F92CCD02F500FAE0B7 = {
						CreatedOnToolsVersion = 15.3;
					};
				};
			};
			buildConfigurationList = CBD5A1F52CCD02F500FAE0B7 /* Build configuration list for PBXProject "CustomFont-SwiftUI" */;
			compatibilityVersion = "Xcode 14.0";
			developmentRegion = en;
			hasScannedForEncodings = 0;
			knownRegions = (
				en,
				Base,
			);
			mainGroup = CBD5A1F12CCD02F500FAE0B7;
			productRefGroup = CBD5A1FB2CCD02F500FAE0B7 /* Products */;
			projectDirPath = "";
			projectRoot = "";
			targets = (
				CBD5A1F92CCD02F500FAE0B7 /* CustomFont-SwiftUI */,
			);
		};
/* End PBXProject section */

/* Begin PBXResourcesBuildPhase section */
		CBD5A1F82CCD02F500FAE0B7 /* Resources */ = {
			isa = PBXResourcesBuildPhase;
			buildActionMask = 2147483647;
			files = (
				CBD5A2052CCD02F600FAE0B7 /* Preview Assets.xcassets in Resources */,
				CBD5A25C2CCD3EB300FAE0B7 /* Nippo-Variable.ttf in Resources */,
				CBD5A25A2CCD3EB300FAE0B7 /* Sprat-Bold.otf in Resources */,
				CBD5A25E2CCD3EC000FAE0B7 /* Teko-VariableFont_wght.ttf in Resources */,
				CBD5A25D2CCD3EB300FAE0B7 /* CabinSketch-Bold.ttf in Resources */,
				CBD5A25B2CCD3EB300FAE0B7 /* Array-Bold.otf in Resources */,
				CBD5A2022CCD02F600FAE0B7 /* Assets.xcassets in Resources */,
			);
			runOnlyForDeploymentPostprocessing = 0;
		};
/* End PBXResourcesBuildPhase section */

/* Begin PBXSourcesBuildPhase section */
		CBD5A1F62CCD02F500FAE0B7 /* Sources */ = {
			isa = PBXSourcesBuildPhase;
			buildActionMask = 2147483647;
			files = (
				CBD5A2002CCD02F500FAE0B7 /* ContentView.swift in Sources */,
				CBD5A1FE2CCD02F500FAE0B7 /* CustomFont_SwiftUIApp.swift in Sources */,
				CBD5A2522CCD355200FAE0B7 /* ChannelBrandingView.swift in Sources */,
				CBD5A2472CCD333800FAE0B7 /* FontNameCardView.swift in Sources */,
				CBD5A24C2CCD33B500FAE0B7 /* QuoteProvider.swift in Sources */,
				CBD5A24A2CCD338800FAE0B7 /* Quote.swift in Sources */,
				CBD5A24E2CCD340B00FAE0B7 /* ScrollableQuoteTabView.swift in Sources */,
				CBD5A2502CCD349A00FAE0B7 /* QuoteGradientView.swift in Sources */,
				CBD5A2452CCD325D00FAE0B7 /* QuoteTextView.swift in Sources */,
			);
			runOnlyForDeploymentPostprocessing = 0;
		};
/* End PBXSourcesBuildPhase section */

/* Begin XCBuildConfiguration section */
		CBD5A2062CCD02F600FAE0B7 /* Debug */ = {
			isa = XCBuildConfiguration;
			buildSettings = {
				ALWAYS_SEARCH_USER_PATHS = NO;
				ASSETCATALOG_COMPILER_GENERATE_SWIFT_ASSET_SYMBOL_EXTENSIONS = YES;
				CLANG_ANALYZER_NONNULL = YES;
				CLANG_ANALYZER_NUMBER_OBJECT_CONVERSION = YES_AGGRESSIVE;
				CLANG_CXX_LANGUAGE_STANDARD = "gnu++20";
				CLANG_ENABLE_MODULES = YES;
				CLANG_ENABLE_OBJC_ARC = YES;
				CLANG_ENABLE_OBJC_WEAK = YES;
				CLANG_WARN_BLOCK_CAPTURE_AUTORELEASING = YES;
				CLANG_WARN_BOOL_CONVERSION = YES;
				CLANG_WARN_COMMA = YES;
				CLANG_WARN_CONSTANT_CONVERSION = YES;
				CLANG_WARN_DEPRECATED_OBJC_IMPLEMENTATIONS = YES;
				CLANG_WARN_DIRECT_OBJC_ISA_USAGE = YES_ERROR;
				CLANG_WARN_DOCUMENTATION_COMMENTS = YES;
				CLANG_WARN_EMPTY_BODY = YES;
				CLANG_WARN_ENUM_CONVERSION = YES;
				CLANG_WARN_INFINITE_RECURSION = YES;
				CLANG_WARN_INT_CONVERSION = YES;
				CLANG_WARN_NON_LITERAL_NULL_CONVERSION = YES;
				CLANG_WARN_OBJC_IMPLICIT_RETAIN_SELF = YES;
				CLANG_WARN_OBJC_LITERAL_CONVERSION = YES;
				CLANG_WARN_OBJC_ROOT_CLASS = YES_ERROR;
				CLANG_WARN_QUOTED_INCLUDE_IN_FRAMEWORK_HEADER = YES;
				CLANG_WARN_RANGE_LOOP_ANALYSIS = YES;
				CLANG_WARN_STRICT_PROTOTYPES = YES;
				CLANG_WARN_SUSPICIOUS_MOVE = YES;
				CLANG_WARN_UNGUARDED_AVAILABILITY = YES_AGGRESSIVE;
				CLANG_WARN_UNREACHABLE_CODE = YES;
				CLANG_WARN__DUPLICATE_METHOD_MATCH = YES;
				COPY_PHASE_STRIP = NO;
				DEBUG_INFORMATION_FORMAT = dwarf;
				ENABLE_STRICT_OBJC_MSGSEND = YES;
				ENABLE_TESTABILITY = YES;
				ENABLE_USER_SCRIPT_SANDBOXING = YES;
				GCC_C_LANGUAGE_STANDARD = gnu17;
				GCC_DYNAMIC_NO_PIC = NO;
				GCC_NO_COMMON_BLOCKS = YES;
				GCC_OPTIMIZATION_LEVEL = 0;
				GCC_PREPROCESSOR_DEFINITIONS = (
					"DEBUG=1",
					"$(inherited)",
				);
				GCC_WARN_64_TO_32_BIT_CONVERSION = YES;
				GCC_WARN_ABOUT_RETURN_TYPE = YES_ERROR;
				GCC_WARN_UNDECLARED_SELECTOR = YES;
				GCC_WARN_UNINITIALIZED_AUTOS = YES_AGGRESSIVE;
				GCC_WARN_UNUSED_FUNCTION = YES;
				GCC_WARN_UNUSED_VARIABLE = YES;
				IPHONEOS_DEPLOYMENT_TARGET = 17.4;
				LOCALIZATION_PREFERS_STRING_CATALOGS = YES;
				MTL_ENABLE_DEBUG_INFO = INCLUDE_SOURCE;
				MTL_FAST_MATH = YES;
				ONLY_ACTIVE_ARCH = YES;
				SDKROOT = iphoneos;
				SWIFT_ACTIVE_COMPILATION_CONDITIONS = "DEBUG $(inherited)";
				SWIFT_OPTIMIZATION_LEVEL = "-Onone";
			};
			name = Debug;
		};
		CBD5A2072CCD02F600FAE0B7 /* Release */ = {
			isa = XCBuildConfiguration;
			buildSettings = {
				ALWAYS_SEARCH_USER_PATHS = NO;
				ASSETCATALOG_COMPILER_GENERATE_SWIFT_ASSET_SYMBOL_EXTENSIONS = YES;
				CLANG_ANALYZER_NONNULL = YES;
				CLANG_ANALYZER_NUMBER_OBJECT_CONVERSION = YES_AGGRESSIVE;
				CLANG_CXX_LANGUAGE_STANDARD = "gnu++20";
				CLANG_ENABLE_MODULES = YES;
				CLANG_ENABLE_OBJC_ARC = YES;
				CLANG_ENABLE_OBJC_WEAK = YES;
				CLANG_WARN_BLOCK_CAPTURE_AUTORELEASING = YES;
				CLANG_WARN_BOOL_CONVERSION = YES;
				CLANG_WARN_COMMA = YES;
				CLANG_WARN_CONSTANT_CONVERSION = YES;
				CLANG_WARN_DEPRECATED_OBJC_IMPLEMENTATIONS = YES;
				CLANG_WARN_DIRECT_OBJC_ISA_USAGE = YES_ERROR;
				CLANG_WARN_DOCUMENTATION_COMMENTS = YES;
				CLANG_WARN_EMPTY_BODY = YES;
				CLANG_WARN_ENUM_CONVERSION = YES;
				CLANG_WARN_INFINITE_RECURSION = YES;
				CLANG_WARN_INT_CONVERSION = YES;
				CLANG_WARN_NON_LITERAL_NULL_CONVERSION = YES;
				CLANG_WARN_OBJC_IMPLICIT_RETAIN_SELF = YES;
				CLANG_WARN_OBJC_LITERAL_CONVERSION = YES;
				CLANG_WARN_OBJC_ROOT_CLASS = YES_ERROR;
				CLANG_WARN_QUOTED_INCLUDE_IN_FRAMEWORK_HEADER = YES;
				CLANG_WARN_RANGE_LOOP_ANALYSIS = YES;
				CLANG_WARN_STRICT_PROTOTYPES = YES;
				CLANG_WARN_SUSPICIOUS_MOVE = YES;
				CLANG_WARN_UNGUARDED_AVAILABILITY = YES_AGGRESSIVE;
				CLANG_WARN_UNREACHABLE_CODE = YES;
				CLANG_WARN__DUPLICATE_METHOD_MATCH = YES;
				COPY_PHASE_STRIP = NO;
				DEBUG_INFORMATION_FORMAT = "dwarf-with-dsym";
				ENABLE_NS_ASSERTIONS = NO;
				ENABLE_STRICT_OBJC_MSGSEND = YES;
				ENABLE_USER_SCRIPT_SANDBOXING = YES;
				GCC_C_LANGUAGE_STANDARD = gnu17;
				GCC_NO_COMMON_BLOCKS = YES;
				GCC_WARN_64_TO_32_BIT_CONVERSION = YES;
				GCC_WARN_ABOUT_RETURN_TYPE = YES_ERROR;
				GCC_WARN_UNDECLARED_SELECTOR = YES;
				GCC_WARN_UNINITIALIZED_AUTOS = YES_AGGRESSIVE;
				GCC_WARN_UNUSED_FUNCTION = YES;
				GCC_WARN_UNUSED_VARIABLE = YES;
				IPHONEOS_DEPLOYMENT_TARGET = 17.4;
				LOCALIZATION_PREFERS_STRING_CATALOGS = YES;
				MTL_ENABLE_DEBUG_INFO = NO;
				MTL_FAST_MATH = YES;
				SDKROOT = iphoneos;
				SWIFT_COMPILATION_MODE = wholemodule;
				VALIDATE_PRODUCT = YES;
			};
			name = Release;
		};
		CBD5A2092CCD02F600FAE0B7 /* Debug */ = {
			isa = XCBuildConfiguration;
			buildSettings = {
				ASSETCATALOG_COMPILER_APPICON_NAME = AppIcon;
				ASSETCATALOG_COMPILER_GLOBAL_ACCENT_COLOR_NAME = AccentColor;
				CODE_SIGN_STYLE = Automatic;
				CURRENT_PROJECT_VERSION = 1;
				DEVELOPMENT_ASSET_PATHS = "\"CustomFont-SwiftUI/Preview Content\"";
				ENABLE_PREVIEWS = YES;
				GENERATE_INFOPLIST_FILE = YES;
				INFOPLIST_FILE = "CustomFont-SwiftUI/Info.plist";
				INFOPLIST_KEY_UIApplicationSceneManifest_Generation = YES;
				INFOPLIST_KEY_UIApplicationSupportsIndirectInputEvents = YES;
				INFOPLIST_KEY_UILaunchScreen_Generation = YES;
				INFOPLIST_KEY_UISupportedInterfaceOrientations_iPad = "UIInterfaceOrientationPortrait UIInterfaceOrientationPortraitUpsideDown UIInterfaceOrientationLandscapeLeft UIInterfaceOrientationLandscapeRight";
				INFOPLIST_KEY_UISupportedInterfaceOrientations_iPhone = "UIInterfaceOrientationPortrait UIInterfaceOrientationLandscapeLeft UIInterfaceOrientationLandscapeRight";
				LD_RUNPATH_SEARCH_PATHS = (
					"$(inherited)",
					"@executable_path/Frameworks",
				);
				MARKETING_VERSION = 1.0;
				PRODUCT_BUNDLE_IDENTIFIER = "com.govind.mulgir.CustomFont-SwiftUI";
				PRODUCT_NAME = "$(TARGET_NAME)";
				SWIFT_EMIT_LOC_STRINGS = YES;
				SWIFT_VERSION = 5.0;
				TARGETED_DEVICE_FAMILY = "1,2";
			};
			name = Debug;
		};
		CBD5A20A2CCD02F600FAE0B7 /* Release */ = {
			isa = XCBuildConfiguration;
			buildSettings = {
				ASSETCATALOG_COMPILER_APPICON_NAME = AppIcon;
				ASSETCATALOG_COMPILER_GLOBAL_ACCENT_COLOR_NAME = AccentColor;
				CODE_SIGN_STYLE = Automatic;
				CURRENT_PROJECT_VERSION = 1;
				DEVELOPMENT_ASSET_PATHS = "\"CustomFont-SwiftUI/Preview Content\"";
				ENABLE_PREVIEWS = YES;
				GENERATE_INFOPLIST_FILE = YES;
				INFOPLIST_FILE = "CustomFont-SwiftUI/Info.plist";
				INFOPLIST_KEY_UIApplicationSceneManifest_Generation = YES;
				INFOPLIST_KEY_UIApplicationSupportsIndirectInputEvents = YES;
				INFOPLIST_KEY_UILaunchScreen_Generation = YES;
				INFOPLIST_KEY_UISupportedInterfaceOrientations_iPad = "UIInterfaceOrientationPortrait UIInterfaceOrientationPortraitUpsideDown UIInterfaceOrientationLandscapeLeft UIInterfaceOrientationLandscapeRight";
				INFOPLIST_KEY_UISupportedInterfaceOrientations_iPhone = "UIInterfaceOrientationPortrait UIInterfaceOrientationLandscapeLeft UIInterfaceOrientationLandscapeRight";
				LD_RUNPATH_SEARCH_PATHS = (
					"$(inherited)",
					"@executable_path/Frameworks",
				);
				MARKETING_VERSION = 1.0;
				PRODUCT_BUNDLE_IDENTIFIER = "com.govind.mulgir.CustomFont-SwiftUI";
				PRODUCT_NAME = "$(TARGET_NAME)";
				SWIFT_EMIT_LOC_STRINGS = YES;
				SWIFT_VERSION = 5.0;
				TARGETED_DEVICE_FAMILY = "1,2";
			};
			name = Release;
		};
/* End XCBuildConfiguration section */

/* Begin XCConfigurationList section */
		CBD5A1F52CCD02F500FAE0B7 /* Build configuration list for PBXProject "CustomFont-SwiftUI" */ = {
			isa = XCConfigurationList;
			buildConfigurations = (
				CBD5A2062CCD02F600FAE0B7 /* Debug */,
				CBD5A2072CCD02F600FAE0B7 /* Release */,
			);
			defaultConfigurationIsVisible = 0;
			defaultConfigurationName = Release;
		};
		CBD5A2082CCD02F600FAE0B7 /* Build configuration list for PBXNativeTarget "CustomFont-SwiftUI" */ = {
			isa = XCConfigurationList;
			buildConfigurations = (
				CBD5A2092CCD02F600FAE0B7 /* Debug */,
				CBD5A20A2CCD02F600FAE0B7 /* Release */,
			);
			defaultConfigurationIsVisible = 0;
			defaultConfigurationName = Release;
		};
/* End XCConfigurationList section */
	};
	rootObject = CBD5A1F22CCD02F500FAE0B7 /* Project object */;
}
